// !$*UTF8*$!
{
	archiveVersion = 1;
	classes = {
	};
	objectVersion = 46;
	objects = {

/* Begin PBXBuildFile section */
		A2886F0A1F441BFD005879E1 /* AppDelegate.swift in Sources */ = {isa = PBXBuildFile; fileRef = A2886F091F441BFD005879E1 /* AppDelegate.swift */; };
		A2886F0C1F441BFD005879E1 /* ViewController.swift in Sources */ = {isa = PBXBuildFile; fileRef = A2886F0B1F441BFD005879E1 /* ViewController.swift */; };
		A2886F0F1F441BFD005879E1 /* Main.storyboard in Resources */ = {isa = PBXBuildFile; fileRef = A2886F0D1F441BFD005879E1 /* Main.storyboard */; };
		A2886F111F441BFD005879E1 /* Assets.xcassets in Resources */ = {isa = PBXBuildFile; fileRef = A2886F101F441BFD005879E1 /* Assets.xcassets */; };
		A2886F141F441BFD005879E1 /* LaunchScreen.storyboard in Resources */ = {isa = PBXBuildFile; fileRef = A2886F121F441BFD005879E1 /* LaunchScreen.storyboard */; };
/* End PBXBuildFile section */

/* Begin PBXFileReference section */
		A2886F061F441BFD005879E1 /* AnimationDemo-swift.app */ = {isa = PBXFileReference; explicitFileType = wrapper.application; includeInIndex = 0; path = "AnimationDemo-swift.app"; sourceTree = BUILT_PRODUCTS_DIR; };
		A2886F091F441BFD005879E1 /* AppDelegate.swift */ = {isa = PBXFileReference; lastKnownFileType = sourcecode.swift; path = AppDelegate.swift; sourceTree = "<group>"; };
		A2886F0B1F441BFD005879E1 /* ViewController.swift */ = {isa = PBXFileReference; lastKnownFileType = sourcecode.swift; path = ViewController.swift; sourceTree = "<group>"; };
		A2886F0E1F441BFD005879E1 /* Base */ = {isa = PBXFileReference; lastKnownFileType = file.storyboard; name = Base; path = Base.lproj/Main.storyboard; sourceTree = "<group>"; };
		A2886F101F441BFD005879E1 /* Assets.xcassets */ = {isa = PBXFileReference; lastKnownFileType = folder.assetcatalog; path = Assets.xcassets; sourceTree = "<group>"; };
		A2886F131F441BFD005879E1 /* Base */ = {isa = PBXFileReference; lastKnownFileType = file.storyboard; name = Base; path = Base.lproj/LaunchScreen.storyboard; sourceTree = "<group>"; };
		A2886F151F441BFD005879E1 /* Info.plist */ = {isa = PBXFileReference; lastKnownFileType = text.plist.xml; path = Info.plist; sourceTree = "<group>"; };
/* End PBXFileReference section */

/* Begin PBXFrameworksBuildPhase section */
		A2886F031F441BFD005879E1 /* Frameworks */ = {
			isa = PBXFrameworksBuildPhase;
			buildActionMask = 2147483647;
			files = (
			);
			runOnlyForDeploymentPostprocessing = 0;
		};
/* End PBXFrameworksBuildPhase section */

/* Begin PBXGroup section */
		A2886EFD1F441BFD005879E1 = {
			isa = PBXGroup;
			children = (
				A2886F081F441BFD005879E1 /* AnimationDemo-swift */,
				A2886F071F441BFD005879E1 /* Products */,
			);
			sourceTree = "<group>";
		};
		A2886F071F441BFD005879E1 /* Products */ = {
			isa = PBXGroup;
			children = (
				A2886F061F441BFD005879E1 /* AnimationDemo-swift.app */,
			);
			name = Products;
			sourceTree = "<group>";
		};
		A2886F081F441BFD005879E1 /* AnimationDemo-swift */ = {
			isa = PBXGroup;
			children = (
				A2886F091F441BFD005879E1 /* AppDelegate.swift */,
				A2886F0B1F441BFD005879E1 /* ViewController.swift */,
				A2886F0D1F441BFD005879E1 /* Main.storyboard */,
				A2886F101F441BFD005879E1 /* Assets.xcassets */,
				A2886F121F441BFD005879E1 /* LaunchScreen.storyboard */,
				A2886F151F441BFD005879E1 /* Info.plist */,
			);
			path = "AnimationDemo-swift";
			sourceTree = "<group>";
		};
/* End PBXGroup section */

/* Begin PBXNativeTarget section */
		A2886F051F441BFD005879E1 /* AnimationDemo-swift */ = {
			isa = PBXNativeTarget;
			buildConfigurationList = A2886F181F441BFD005879E1 /* Build configuration list for PBXNativeTarget "AnimationDemo-swift" */;
			buildPhases = (
				A2886F021F441BFD005879E1 /* Sources */,
				A2886F031F441BFD005879E1 /* Frameworks */,
				A2886F041F441BFD005879E1 /* Resources */,
			);
			buildRules = (
			);
			dependencies = (
			);
			name = "AnimationDemo-swift";
			productName = "AnimationDemo-swift";
			productReference = A2886F061F441BFD005879E1 /* AnimationDemo-swift.app */;
			productType = "com.apple.product-type.application";
		};
/* End PBXNativeTarget section */

/* Begin PBXProject section */
		A2886EFE1F441BFD005879E1 /* Project object */ = {
			isa = PBXProject;
			attributes = {
				LastSwiftUpdateCheck = 0830;
				LastUpgradeCheck = 0830;
				ORGANIZATIONNAME = mosquito;
				TargetAttributes = {
					A2886F051F441BFD005879E1 = {
						CreatedOnToolsVersion = 8.3.2;
						ProvisioningStyle = Automatic;
					};
				};
			};
			buildConfigurationList = A2886F011F441BFD005879E1 /* Build configuration list for PBXProject "AnimationDemo-swift" */;
			compatibilityVersion = "Xcode 3.2";
			developmentRegion = English;
			hasScannedForEncodings = 0;
			knownRegions = (
				en,
				Base,
			);
			mainGroup = A2886EFD1F441BFD005879E1;
			productRefGroup = A2886F071F441BFD005879E1 /* Products */;
			projectDirPath = "";
			projectRoot = "";
			targets = (
				A2886F051F441BFD005879E1 /* AnimationDemo-swift */,
			);
		};
/* End PBXProject section */

/* Begin PBXResourcesBuildPhase section */
		A2886F041F441BFD005879E1 /* Resources */ = {
			isa = PBXResourcesBuildPhase;
			buildActionMask = 2147483647;
			files = (
				A2886F141F441BFD005879E1 /* LaunchScreen.storyboard in Resources */,
				A2886F111F441BFD005879E1 /* Assets.xcassets in Resources */,
				A2886F0F1F441BFD005879E1 /* Main.storyboard in Resources */,
			);
			runOnlyForDeploymentPostprocessing = 0;
		};
/* End PBXResourcesBuildPhase section */

/* Begin PBXSourcesBuildPhase section */
		A2886F021F441BFD005879E1 /* Sources */ = {
			isa = PBXSourcesBuildPhase;
			buildActionMask = 2147483647;
			files = (
				A2886F0C1F441BFD005879E1 /* ViewController.swift in Sources */,
				A2886F0A1F441BFD005879E1 /* AppDelegate.swift in Sources */,
			);
			runOnlyForDeploymentPostprocessing = 0;
		};
/* End PBXSourcesBuildPhase section */

/* Begin PBXVariantGroup section */
		A2886F0D1F441BFD005879E1 /* Main.storyboard */ = {
			isa = PBXVariantGroup;
			children = (
				A2886F0E1F441BFD005879E1 /* Base */,
			);
			name = Main.storyboard;
			sourceTree = "<group>";
		};
		A2886F121F441BFD005879E1 /* LaunchScreen.storyboard */ = {
			isa = PBXVariantGroup;
			children = (
				A2886F131F441BFD005879E1 /* Base */,
			);
			name = LaunchScreen.storyboard;
			sourceTree = "<group>";
		};
/* End PBXVariantGroup section */

/* Begin XCBuildConfiguration section */
		A2886F161F441BFD005879E1 /* Debug */ = {
			isa = XCBuildConfiguration;
			buildSettings = {
				ALWAYS_SEARCH_USER_PATHS = NO;
				CLANG_ANALYZER_NONNULL = YES;
				CLANG_ANALYZER_NUMBER_OBJECT_CONVERSION = YES_AGGRESSIVE;
				CLANG_CXX_LANGUAGE_STANDARD = "gnu++0x";
				CLANG_CXX_LIBRARY = "libc++";
				CLANG_ENABLE_MODULES = YES;
				CLANG_ENABLE_OBJC_ARC = YES;
				CLANG_WARN_BOOL_CONVERSION = YES;
				CLANG_WARN_CONSTANT_CONVERSION = YES;
				CLANG_WARN_DIRECT_OBJC_ISA_USAGE = YES_ERROR;
				CLANG_WARN_DOCUMENTATION_COMMENTS = YES;
				CLANG_WARN_EMPTY_BODY = YES;
				CLANG_WARN_ENUM_CONVERSION = YES;
				CLANG_WARN_INFINITE_RECURSION = YES;
				CLANG_WARN_INT_CONVERSION = YES;
				CLANG_WARN_OBJC_ROOT_CLASS = YES_ERROR;
				CLANG_WARN_SUSPICIOUS_MOVE = YES;
				CLANG_WARN_UNREACHABLE_CODE = YES;
				CLANG_WARN__DUPLICATE_METHOD_MATCH = YES;
				"CODE_SIGN_IDENTITY[sdk=iphoneos*]" = "iPhone Developer";
				COPY_PHASE_STRIP = NO;
				DEBUG_INFORMATION_FORMAT = dwarf;
				ENABLE_STRICT_OBJC_MSGSEND = YES;
				ENABLE_TESTABILITY = YES;
				GCC_C_LANGUAGE_STANDARD = gnu99;
				GCC_DYNAMIC_NO_PIC = NO;
				GCC_NO_COMMON_BLOCKS = YES;
				GCC_OPTIMIZATION_LEVEL = 0;
				GCC_PREPROCESSOR_DEFINITIONS = (
					"DEBUG=1",
					"$(inherited)",
				);
				GCC_WARN_64_TO_32_BIT_CONVERSION = YES;
				GCC_WARN_ABOUT_RETURN_TYPE = YES_ERROR;
				GCC_WARN_UNDECLARED_SELECTOR = YES;
				GCC_WARN_UNINITIALIZED_AUTOS = YES_AGGRESSIVE;
				GCC_WARN_UNUSED_FUNCTION = YES;
				GCC_WARN_UNUSED_VARIABLE = YES;
				IPHONEOS_DEPLOYMENT_TARGET = 10.3;
				MTL_ENABLE_DEBUG_INFO = YES;
				ONLY_ACTIVE_ARCH = YES;
				SDKROOT = iphoneos;
				SWIFT_ACTIVE_COMPILATION_CONDITIONS = DEBUG;
				SWIFT_OPTIMIZATION_LEVEL = "-Onone";
			};
			name = Debug;
		};
		A2886F171F441BFD005879E1 /* Release */ = {
			isa = XCBuildConfiguration;
			buildSettings = {
				ALWAYS_SEARCH_USER_PATHS = NO;
				CLANG_ANALYZER_NONNULL = YES;
				CLANG_ANALYZER_NUMBER_OBJECT_CONVERSION = YES_AGGRESSIVE;
				CLANG_CXX_LANGUAGE_STANDARD = "gnu++0x";
				CLANG_CXX_LIBRARY = "libc++";
				CLANG_ENABLE_MODULES = YES;
				CLANG_ENABLE_OBJC_ARC = YES;
				CLANG_WARN_BOOL_CONVERSION = YES;
				CLANG_WARN_CONSTANT_CONVERSION = YES;
				CLANG_WARN_DIRECT_OBJC_ISA_USAGE = YES_ERROR;
				CLANG_WARN_DOCUMENTATION_COMMENTS = YES;
				CLANG_WARN_EMPTY_BODY = YES;
				CLANG_WARN_ENUM_CONVERSION = YES;
				CLANG_WARN_INFINITE_RECURSION = YES;
				CLANG_WARN_INT_CONVERSION = YES;
				CLANG_WARN_OBJC_ROOT_CLASS = YES_ERROR;
				CLANG_WARN_SUSPICIOUS_MOVE = YES;
				CLANG_WARN_UNREACHABLE_CODE = YES;
				CLANG_WARN__DUPLICATE_METHOD_MATCH = YES;
				"CODE_SIGN_IDENTITY[sdk=iphoneos*]" = "iPhone Developer";
				COPY_PHASE_STRIP = NO;
				DEBUG_INFORMATION_FORMAT = "dwarf-with-dsym";
				ENABLE_NS_ASSERTIONS = NO;
				ENABLE_STRICT_OBJC_MSGSEND = YES;
				GCC_C_LANGUAGE_STANDARD = gnu99;
				GCC_NO_COMMON_BLOCKS = YES;
				GCC_WARN_64_TO_32_BIT_CONVERSION = YES;
				GCC_WARN_ABOUT_RETURN_TYPE = YES_ERROR;
				GCC_WARN_UNDECLARED_SELECTOR = YES;
				GCC_WARN_UNINITIALIZED_AUTOS = YES_AGGRESSIVE;
				GCC_WARN_UNUSED_FUNCTION = YES;
				GCC_WARN_UNUSED_VARIABLE = YES;
				IPHONEOS_DEPLOYMENT_TARGET = 10.3;
				MTL_ENABLE_DEBUG_INFO = NO;
				SDKROOT = iphoneos;
				SWIFT_OPTIMIZATION_LEVEL = "-Owholemodule";
				VALIDATE_PRODUCT = YES;
			};
			name = Release;
		};
		A2886F191F441BFD005879E1 /* Debug */ = {
			isa = XCBuildConfiguration;
			buildSettings = {
				ASSETCATALOG_COMPILER_APPICON_NAME = AppIcon;
				INFOPLIST_FILE = "AnimationDemo-swift/Info.plist";
				LD_RUNPATH_SEARCH_PATHS = "$(inherited) @executable_path/Frameworks";
				PRODUCT_BUNDLE_IDENTIFIER = "com.mosquito.AnimationDemo-swift";
				PRODUCT_NAME = "$(TARGET_NAME)";
				SWIFT_VERSION = 3.0;
			};
			name = Debug;
		};
		A2886F1A1F441BFD005879E1 /* Release */ = {
			isa = XCBuildConfiguration;
			buildSettings = {
				ASSETCATALOG_COMPILER_APPICON_NAME = AppIcon;
				INFOPLIST_FILE = "AnimationDemo-swift/Info.plist";
				LD_RUNPATH_SEARCH_PATHS = "$(inherited) @executable_path/Frameworks";
				PRODUCT_BUNDLE_IDENTIFIER = "com.mosquito.AnimationDemo-swift";
				PRODUCT_NAME = "$(TARGET_NAME)";
				SWIFT_VERSION = 3.0;
			};
			name = Release;
		};
/* End XCBuildConfiguration section */

/* Begin XCConfigurationList section */
		A2886F011F441BFD005879E1 /* Build configuration list for PBXProject "AnimationDemo-swift" */ = {
			isa = XCConfigurationList;
			buildConfigurations = (
				A2886F161F441BFD005879E1 /* Debug */,
				A2886F171F441BFD005879E1 /* Release */,
			);
			defaultConfigurationIsVisible = 0;
			defaultConfigurationName = Release;
		};
		A2886F181F441BFD005879E1 /* Build configuration list for PBXNativeTarget "AnimationDemo-swift" */ = {
			isa = XCConfigurationList;
			buildConfigurations = (
				A2886F191F441BFD005879E1 /* Debug */,
				A2886F1A1F441BFD005879E1 /* Release */,
			);
			defaultConfigurationIsVisible = 0;
		};
/* End XCConfigurationList section */
	};
	rootObject = A2886EFE1F441BFD005879E1 /* Project object */;
}
